
Microsoft Visual Studio Solution File, Format Version 12.00
# Visual Studio Version 16
VisualStudioVersion = 16.0.29102.190
MinimumVisualStudioVersion = 10.0.40219.1
Project("{FAE04EC0-301F-11D3-BF4B-00C04F79EFBC}") = "Web", "Web\Web.csproj", "{ECFC38CA-7017-4E4F-B95F-0CFC13947825}"
EndProject
Global
	GlobalSection(SolutionConfigurationPlatforms) = preSolution
		Debug|Any CPU = Debug|Any CPU
		Release|Any CPU = Release|Any CPU
	EndGlobalSection
	GlobalSection(ProjectConfigurationPlatforms) = postSolution
		{ECFC38CA-7017-4E4F-B95F-0CFC13947825}.Debug|Any CPU.ActiveCfg = Debug|Any CPU
		{ECFC38CA-7017-4E4F-B95F-0CFC13947825}.Debug|Any CPU.Build.0 = Debug|Any CPU
		{ECFC38CA-7017-4E4F-B95F-0CFC13947825}.Release|Any CPU.ActiveCfg = Release|Any CPU
		{ECFC38CA-7017-4E4F-B95F-0CFC13947825}.Release|Any CPU.Build.0 = Release|Any CPU
	EndGlobalSection
	GlobalSection(SolutionProperties) = preSolution
		HideSolutionNode = FALSE
	EndGlobalSection
	GlobalSection(ExtensibilityGlobals) = postSolution
		SolutionGuid = {C3DBA649-2AC7-485B-B1B4-296E29DF1101}
	EndGlobalSection
EndGlobal
